
Microsoft Visual Studio Solution File, Format Version 12.00
# Visual Studio 15
VisualStudioVersion = 15.0.27703.2018
MinimumVisualStudioVersion = 10.0.40219.1
Project("{FAE04EC0-301F-11D3-BF4B-00C04F79EFBC}") = "App01_ConsultaCEP.Android", "App01_ConsultaCEP\App01_ConsultaCEP.Android\App01_ConsultaCEP.Android.csproj", "{CA00A8C3-CD2E-497E-91AA-05DC3BED6C56}"
EndProject
Project("{FAE04EC0-301F-11D3-BF4B-00C04F79EFBC}") = "App01_ConsultaCEP.iOS", "App01_ConsultaCEP\App01_ConsultaCEP.iOS\App01_ConsultaCEP.iOS.csproj", "{22B6E7BA-3192-4248-84F0-103EE09FE9AF}"
EndProject
Project("{9A19103F-16F7-4668-BE54-9A1E7A4F7556}") = "App01_ConsultaCEP", "App01_ConsultaCEP\App01_ConsultaCEP\App01_ConsultaCEP.csproj", "{B7E4D05A-9F4D-4A72-A6C7-8ECE41876409}"
EndProject
Project("{FAE04EC0-301F-11D3-BF4B-00C04F79EFBC}") = "App01_ConsultaCEP.UWP", "App01_ConsultaCEP.UWP\App01_ConsultaCEP.UWP.csproj", "{636C3350-669C-44F0-9FA6-B6C3D1C8D0BD}"
EndProject
Global
	GlobalSection(SolutionConfigurationPlatforms) = preSolution
		Ad-Hoc|Any CPU = Ad-Hoc|Any CPU
		Ad-Hoc|ARM = Ad-Hoc|ARM
		Ad-Hoc|iPhone = Ad-Hoc|iPhone
		Ad-Hoc|iPhoneSimulator = Ad-Hoc|iPhoneSimulator
		Ad-Hoc|x64 = Ad-Hoc|x64
		Ad-Hoc|x86 = Ad-Hoc|x86
		AppStore|Any CPU = AppStore|Any CPU
		AppStore|ARM = AppStore|ARM
		AppStore|iPhone = AppStore|iPhone
		AppStore|iPhoneSimulator = AppStore|iPhoneSimulator
		AppStore|x64 = AppStore|x64
		AppStore|x86 = AppStore|x86
		Debug|Any CPU = Debug|Any CPU
		Debug|ARM = Debug|ARM
		Debug|iPhone = Debug|iPhone
		Debug|iPhoneSimulator = Debug|iPhoneSimulator
		Debug|x64 = Debug|x64
		Debug|x86 = Debug|x86
		Release|Any CPU = Release|Any CPU
		Release|ARM = Release|ARM
		Release|iPhone = Release|iPhone
		Release|iPhoneSimulator = Release|iPhoneSimulator
		Release|x64 = Release|x64
		Release|x86 = Release|x86
	EndGlobalSection
	GlobalSection(ProjectConfigurationPlatforms) = postSolution
		{CA00A8C3-CD2E-497E-91AA-05DC3BED6C56}.Ad-Hoc|Any CPU.ActiveCfg = Release|Any CPU
		{CA00A8C3-CD2E-497E-91AA-05DC3BED6C56}.Ad-Hoc|Any CPU.Build.0 = Release|Any CPU
		{CA00A8C3-CD2E-497E-91AA-05DC3BED6C56}.Ad-Hoc|Any CPU.Deploy.0 = Release|Any CPU
		{CA00A8C3-CD2E-497E-91AA-05DC3BED6C56}.Ad-Hoc|ARM.ActiveCfg = Debug|Any CPU
		{CA00A8C3-CD2E-497E-91AA-05DC3BED6C56}.Ad-Hoc|ARM.Build.0 = Debug|Any CPU
		{CA00A8C3-CD2E-497E-91AA-05DC3BED6C56}.Ad-Hoc|ARM.Deploy.0 = Debug|Any CPU
		{CA00A8C3-CD2E-497E-91AA-05DC3BED6C56}.Ad-Hoc|iPhone.ActiveCfg = Release|Any CPU
		{CA00A8C3-CD2E-497E-91AA-05DC3BED6C56}.Ad-Hoc|iPhone.Build.0 = Release|Any CPU
		{CA00A8C3-CD2E-497E-91AA-05DC3BED6C56}.Ad-Hoc|iPhone.Deploy.0 = Release|Any CPU
		{CA00A8C3-CD2E-497E-91AA-05DC3BED6C56}.Ad-Hoc|iPhoneSimulator.ActiveCfg = Release|Any CPU
		{CA00A8C3-CD2E-497E-91AA-05DC3BED6C56}.Ad-Hoc|iPhoneSimulator.Build.0 = Release|Any CPU
		{CA00A8C3-CD2E-497E-91AA-05DC3BED6C56}.Ad-Hoc|iPhoneSimulator.Deploy.0 = Release|Any CPU
		{CA00A8C3-CD2E-497E-91AA-05DC3BED6C56}.Ad-Hoc|x64.ActiveCfg = Debug|Any CPU
		{CA00A8C3-CD2E-497E-91AA-05DC3BED6C56}.Ad-Hoc|x64.Build.0 = Debug|Any CPU
		{CA00A8C3-CD2E-497E-91AA-05DC3BED6C56}.Ad-Hoc|x64.Deploy.0 = Debug|Any CPU
		{CA00A8C3-CD2E-497E-91AA-05DC3BED6C56}.Ad-Hoc|x86.ActiveCfg = Debug|Any CPU
		{CA00A8C3-CD2E-497E-91AA-05DC3BED6C56}.Ad-Hoc|x86.Build.0 = Debug|Any CPU
		{CA00A8C3-CD2E-497E-91AA-05DC3BED6C56}.Ad-Hoc|x86.Deploy.0 = Debug|Any CPU
		{CA00A8C3-CD2E-497E-91AA-05DC3BED6C56}.AppStore|Any CPU.ActiveCfg = Release|Any CPU
		{CA00A8C3-CD2E-497E-91AA-05DC3BED6C56}.AppStore|Any CPU.Build.0 = Release|Any CPU
		{CA00A8C3-CD2E-497E-91AA-05DC3BED6C56}.AppStore|Any CPU.Deploy.0 = Release|Any CPU
		{CA00A8C3-CD2E-497E-91AA-05DC3BED6C56}.AppStore|ARM.ActiveCfg = Debug|Any CPU
		{CA00A8C3-CD2E-497E-91AA-05DC3BED6C56}.AppStore|ARM.Build.0 = Debug|Any CPU
		{CA00A8C3-CD2E-497E-91AA-05DC3BED6C56}.AppStore|ARM.Deploy.0 = Debug|Any CPU
		{CA00A8C3-CD2E-497E-91AA-05DC3BED6C56}.AppStore|iPhone.ActiveCfg = Release|Any CPU
		{CA00A8C3-CD2E-497E-91AA-05DC3BED6C56}.AppStore|iPhone.Build.0 = Release|Any CPU
		{CA00A8C3-CD2E-497E-91AA-05DC3BED6C56}.AppStore|iPhone.Deploy.0 = Release|Any CPU
		{CA00A8C3-CD2E-497E-91AA-05DC3BED6C56}.AppStore|iPhoneSimulator.ActiveCfg = Release|Any CPU
		{CA00A8C3-CD2E-497E-91AA-05DC3BED6C56}.AppStore|iPhoneSimulator.Build.0 = Release|Any CPU
		{CA00A8C3-CD2E-497E-91AA-05DC3BED6C56}.AppStore|iPhoneSimulator.Deploy.0 = Release|Any CPU
		{CA00A8C3-CD2E-497E-91AA-05DC3BED6C56}.AppStore|x64.ActiveCfg = Debug|Any CPU
		{CA00A8C3-CD2E-497E-91AA-05DC3BED6C56}.AppStore|x64.Build.0 = Debug|Any CPU
		{CA00A8C3-CD2E-497E-91AA-05DC3BED6C56}.AppStore|x64.Deploy.0 = Debug|Any CPU
		{CA00A8C3-CD2E-497E-91AA-05DC3BED6C56}.AppStore|x86.ActiveCfg = Debug|Any CPU
		{CA00A8C3-CD2E-497E-91AA-05DC3BED6C56}.AppStore|x86.Build.0 = Debug|Any CPU
		{CA00A8C3-CD2E-497E-91AA-05DC3BED6C56}.AppStore|x86.Deploy.0 = Debug|Any CPU
		{CA00A8C3-CD2E-497E-91AA-05DC3BED6C56}.Debug|Any CPU.ActiveCfg = Debug|Any CPU
		{CA00A8C3-CD2E-497E-91AA-05DC3BED6C56}.Debug|Any CPU.Build.0 = Debug|Any CPU
		{CA00A8C3-CD2E-497E-91AA-05DC3BED6C56}.Debug|Any CPU.Deploy.0 = Debug|Any CPU
		{CA00A8C3-CD2E-497E-91AA-05DC3BED6C56}.Debug|ARM.ActiveCfg = Debug|Any CPU
		{CA00A8C3-CD2E-497E-91AA-05DC3BED6C56}.Debug|ARM.Build.0 = Debug|Any CPU
		{CA00A8C3-CD2E-497E-91AA-05DC3BED6C56}.Debug|ARM.Deploy.0 = Debug|Any CPU
		{CA00A8C3-CD2E-497E-91AA-05DC3BED6C56}.Debug|iPhone.ActiveCfg = Debug|Any CPU
		{CA00A8C3-CD2E-497E-91AA-05DC3BED6C56}.Debug|iPhone.Build.0 = Debug|Any CPU
		{CA00A8C3-CD2E-497E-91AA-05DC3BED6C56}.Debug|iPhone.Deploy.0 = Debug|Any CPU
		{CA00A8C3-CD2E-497E-91AA-05DC3BED6C56}.Debug|iPhoneSimulator.ActiveCfg = Debug|Any CPU
		{CA00A8C3-CD2E-497E-91AA-05DC3BED6C56}.Debug|iPhoneSimulator.Build.0 = Debug|Any CPU
		{CA00A8C3-CD2E-497E-91AA-05DC3BED6C56}.Debug|iPhoneSimulator.Deploy.0 = Debug|Any CPU
		{CA00A8C3-CD2E-497E-91AA-05DC3BED6C56}.Debug|x64.ActiveCfg = Debug|Any CPU
		{CA00A8C3-CD2E-497E-91AA-05DC3BED6C56}.Debug|x64.Build.0 = Debug|Any CPU
		{CA00A8C3-CD2E-497E-91AA-05DC3BED6C56}.Debug|x64.Deploy.0 = Debug|Any CPU
		{CA00A8C3-CD2E-497E-91AA-05DC3BED6C56}.Debug|x86.ActiveCfg = Debug|Any CPU
		{CA00A8C3-CD2E-497E-91AA-05DC3BED6C56}.Debug|x86.Build.0 = Debug|Any CPU
		{CA00A8C3-CD2E-497E-91AA-05DC3BED6C56}.Debug|x86.Deploy.0 = Debug|Any CPU
		{CA00A8C3-CD2E-497E-91AA-05DC3BED6C56}.Release|Any CPU.ActiveCfg = Release|Any CPU
		{CA00A8C3-CD2E-497E-91AA-05DC3BED6C56}.Release|Any CPU.Build.0 = Release|Any CPU
		{CA00A8C3-CD2E-497E-91AA-05DC3BED6C56}.Release|Any CPU.Deploy.0 = Release|Any CPU
		{CA00A8C3-CD2E-497E-91AA-05DC3BED6C56}.Release|ARM.ActiveCfg = Release|Any CPU
		{CA00A8C3-CD2E-497E-91AA-05DC3BED6C56}.Release|ARM.Build.0 = Release|Any CPU
		{CA00A8C3-CD2E-497E-91AA-05DC3BED6C56}.Release|ARM.Deploy.0 = Release|Any CPU
		{CA00A8C3-CD2E-497E-91AA-05DC3BED6C56}.Release|iPhone.ActiveCfg = Release|Any CPU
		{CA00A8C3-CD2E-497E-91AA-05DC3BED6C56}.Release|iPhone.Build.0 = Release|Any CPU
		{CA00A8C3-CD2E-497E-91AA-05DC3BED6C56}.Release|iPhone.Deploy.0 = Release|Any CPU
		{CA00A8C3-CD2E-497E-91AA-05DC3BED6C56}.Release|iPhoneSimulator.ActiveCfg = Release|Any CPU
		{CA00A8C3-CD2E-497E-91AA-05DC3BED6C56}.Release|iPhoneSimulator.Build.0 = Release|Any CPU
		{CA00A8C3-CD2E-497E-91AA-05DC3BED6C56}.Release|iPhoneSimulator.Deploy.0 = Release|Any CPU
		{CA00A8C3-CD2E-497E-91AA-05DC3BED6C56}.Release|x64.ActiveCfg = Release|Any CPU
		{CA00A8C3-CD2E-497E-91AA-05DC3BED6C56}.Release|x64.Build.0 = Release|Any CPU
		{CA00A8C3-CD2E-497E-91AA-05DC3BED6C56}.Release|x64.Deploy.0 = Release|Any CPU
		{CA00A8C3-CD2E-497E-91AA-05DC3BED6C56}.Release|x86.ActiveCfg = Release|Any CPU
		{CA00A8C3-CD2E-497E-91AA-05DC3BED6C56}.Release|x86.Build.0 = Release|Any CPU
		{CA00A8C3-CD2E-497E-91AA-05DC3BED6C56}.Release|x86.Deploy.0 = Release|Any CPU
		{22B6E7BA-3192-4248-84F0-103EE09FE9AF}.Ad-Hoc|Any CPU.ActiveCfg = Ad-Hoc|iPhone
		{22B6E7BA-3192-4248-84F0-103EE09FE9AF}.Ad-Hoc|Any CPU.Build.0 = Ad-Hoc|iPhone
		{22B6E7BA-3192-4248-84F0-103EE09FE9AF}.Ad-Hoc|Any CPU.Deploy.0 = Ad-Hoc|iPhone
		{22B6E7BA-3192-4248-84F0-103EE09FE9AF}.Ad-Hoc|ARM.ActiveCfg = Ad-Hoc|iPhoneSimulator
		{22B6E7BA-3192-4248-84F0-103EE09FE9AF}.Ad-Hoc|iPhone.ActiveCfg = Ad-Hoc|iPhone
		{22B6E7BA-3192-4248-84F0-103EE09FE9AF}.Ad-Hoc|iPhone.Build.0 = Ad-Hoc|iPhone
		{22B6E7BA-3192-4248-84F0-103EE09FE9AF}.Ad-Hoc|iPhone.Deploy.0 = Ad-Hoc|iPhone
		{22B6E7BA-3192-4248-84F0-103EE09FE9AF}.Ad-Hoc|iPhoneSimulator.ActiveCfg = Ad-Hoc|iPhoneSimulator
		{22B6E7BA-3192-4248-84F0-103EE09FE9AF}.Ad-Hoc|iPhoneSimulator.Build.0 = Ad-Hoc|iPhoneSimulator
		{22B6E7BA-3192-4248-84F0-103EE09FE9AF}.Ad-Hoc|iPhoneSimulator.Deploy.0 = Ad-Hoc|iPhoneSimulator
		{22B6E7BA-3192-4248-84F0-103EE09FE9AF}.Ad-Hoc|x64.ActiveCfg = Ad-Hoc|iPhoneSimulator
		{22B6E7BA-3192-4248-84F0-103EE09FE9AF}.Ad-Hoc|x86.ActiveCfg = Ad-Hoc|iPhoneSimulator
		{22B6E7BA-3192-4248-84F0-103EE09FE9AF}.AppStore|Any CPU.ActiveCfg = AppStore|iPhone
		{22B6E7BA-3192-4248-84F0-103EE09FE9AF}.AppStore|Any CPU.Build.0 = AppStore|iPhone
		{22B6E7BA-3192-4248-84F0-103EE09FE9AF}.AppStore|Any CPU.Deploy.0 = AppStore|iPhone
		{22B6E7BA-3192-4248-84F0-103EE09FE9AF}.AppStore|ARM.ActiveCfg = AppStore|iPhoneSimulator
		{22B6E7BA-3192-4248-84F0-103EE09FE9AF}.AppStore|iPhone.ActiveCfg = AppStore|iPhone
		{22B6E7BA-3192-4248-84F0-103EE09FE9AF}.AppStore|iPhone.Build.0 = AppStore|iPhone
		{22B6E7BA-3192-4248-84F0-103EE09FE9AF}.AppStore|iPhone.Deploy.0 = AppStore|iPhone
		{22B6E7BA-3192-4248-84F0-103EE09FE9AF}.AppStore|iPhoneSimulator.ActiveCfg = AppStore|iPhoneSimulator
		{22B6E7BA-3192-4248-84F0-103EE09FE9AF}.AppStore|iPhoneSimulator.Build.0 = AppStore|iPhoneSimulator
		{22B6E7BA-3192-4248-84F0-103EE09FE9AF}.AppStore|iPhoneSimulator.Deploy.0 = AppStore|iPhoneSimulator
		{22B6E7BA-3192-4248-84F0-103EE09FE9AF}.AppStore|x64.ActiveCfg = AppStore|iPhoneSimulator
		{22B6E7BA-3192-4248-84F0-103EE09FE9AF}.AppStore|x86.ActiveCfg = AppStore|iPhoneSimulator
		{22B6E7BA-3192-4248-84F0-103EE09FE9AF}.Debug|Any CPU.ActiveCfg = Debug|iPhoneSimulator
		{22B6E7BA-3192-4248-84F0-103EE09FE9AF}.Debug|Any CPU.Build.0 = Debug|iPhoneSimulator
		{22B6E7BA-3192-4248-84F0-103EE09FE9AF}.Debug|Any CPU.Deploy.0 = Debug|iPhoneSimulator
		{22B6E7BA-3192-4248-84F0-103EE09FE9AF}.Debug|ARM.ActiveCfg = Debug|iPhone
		{22B6E7BA-3192-4248-84F0-103EE09FE9AF}.Debug|iPhone.ActiveCfg = Debug|iPhone
		{22B6E7BA-3192-4248-84F0-103EE09FE9AF}.Debug|iPhone.Build.0 = Debug|iPhone
		{22B6E7BA-3192-4248-84F0-103EE09FE9AF}.Debug|iPhone.Deploy.0 = Debug|iPhone
		{22B6E7BA-3192-4248-84F0-103EE09FE9AF}.Debug|iPhoneSimulator.ActiveCfg = Debug|iPhoneSimulator
		{22B6E7BA-3192-4248-84F0-103EE09FE9AF}.Debug|iPhoneSimulator.Build.0 = Debug|iPhoneSimulator
		{22B6E7BA-3192-4248-84F0-103EE09FE9AF}.Debug|iPhoneSimulator.Deploy.0 = Debug|iPhoneSimulator
		{22B6E7BA-3192-4248-84F0-103EE09FE9AF}.Debug|x64.ActiveCfg = Debug|iPhone
		{22B6E7BA-3192-4248-84F0-103EE09FE9AF}.Debug|x86.ActiveCfg = Debug|iPhone
		{22B6E7BA-3192-4248-84F0-103EE09FE9AF}.Release|Any CPU.ActiveCfg = Release|iPhone
		{22B6E7BA-3192-4248-84F0-103EE09FE9AF}.Release|Any CPU.Build.0 = Release|iPhone
		{22B6E7BA-3192-4248-84F0-103EE09FE9AF}.Release|Any CPU.Deploy.0 = Release|iPhone
		{22B6E7BA-3192-4248-84F0-103EE09FE9AF}.Release|ARM.ActiveCfg = Release|iPhoneSimulator
		{22B6E7BA-3192-4248-84F0-103EE09FE9AF}.Release|iPhone.ActiveCfg = Release|iPhone
		{22B6E7BA-3192-4248-84F0-103EE09FE9AF}.Release|iPhone.Build.0 = Release|iPhone
		{22B6E7BA-3192-4248-84F0-103EE09FE9AF}.Release|iPhone.Deploy.0 = Release|iPhone
		{22B6E7BA-3192-4248-84F0-103EE09FE9AF}.Release|iPhoneSimulator.ActiveCfg = Release|iPhoneSimulator
		{22B6E7BA-3192-4248-84F0-103EE09FE9AF}.Release|iPhoneSimulator.Build.0 = Release|iPhoneSimulator
		{22B6E7BA-3192-4248-84F0-103EE09FE9AF}.Release|iPhoneSimulator.Deploy.0 = Release|iPhoneSimulator
		{22B6E7BA-3192-4248-84F0-103EE09FE9AF}.Release|x64.ActiveCfg = Release|iPhoneSimulator
		{22B6E7BA-3192-4248-84F0-103EE09FE9AF}.Release|x86.ActiveCfg = Release|iPhoneSimulator
		{B7E4D05A-9F4D-4A72-A6C7-8ECE41876409}.Ad-Hoc|Any CPU.ActiveCfg = Debug|Any CPU
		{B7E4D05A-9F4D-4A72-A6C7-8ECE41876409}.Ad-Hoc|Any CPU.Build.0 = Debug|Any CPU
		{B7E4D05A-9F4D-4A72-A6C7-8ECE41876409}.Ad-Hoc|Any CPU.Deploy.0 = Debug|Any CPU
		{B7E4D05A-9F4D-4A72-A6C7-8ECE41876409}.Ad-Hoc|ARM.ActiveCfg = Release|Any CPU
		{B7E4D05A-9F4D-4A72-A6C7-8ECE41876409}.Ad-Hoc|ARM.Build.0 = Release|Any CPU
		{B7E4D05A-9F4D-4A72-A6C7-8ECE41876409}.Ad-Hoc|iPhone.ActiveCfg = Debug|Any CPU
		{B7E4D05A-9F4D-4A72-A6C7-8ECE41876409}.Ad-Hoc|iPhone.Build.0 = Debug|Any CPU
		{B7E4D05A-9F4D-4A72-A6C7-8ECE41876409}.Ad-Hoc|iPhone.Deploy.0 = Debug|Any CPU
		{B7E4D05A-9F4D-4A72-A6C7-8ECE41876409}.Ad-Hoc|iPhoneSimulator.ActiveCfg = Debug|Any CPU
		{B7E4D05A-9F4D-4A72-A6C7-8ECE41876409}.Ad-Hoc|iPhoneSimulator.Build.0 = Debug|Any CPU
		{B7E4D05A-9F4D-4A72-A6C7-8ECE41876409}.Ad-Hoc|iPhoneSimulator.Deploy.0 = Debug|Any CPU
		{B7E4D05A-9F4D-4A72-A6C7-8ECE41876409}.Ad-Hoc|x64.ActiveCfg = Release|Any CPU
		{B7E4D05A-9F4D-4A72-A6C7-8ECE41876409}.Ad-Hoc|x64.Build.0 = Release|Any CPU
		{B7E4D05A-9F4D-4A72-A6C7-8ECE41876409}.Ad-Hoc|x86.ActiveCfg = Release|Any CPU
		{B7E4D05A-9F4D-4A72-A6C7-8ECE41876409}.Ad-Hoc|x86.Build.0 = Release|Any CPU
		{B7E4D05A-9F4D-4A72-A6C7-8ECE41876409}.AppStore|Any CPU.ActiveCfg = Debug|Any CPU
		{B7E4D05A-9F4D-4A72-A6C7-8ECE41876409}.AppStore|Any CPU.Build.0 = Debug|Any CPU
		{B7E4D05A-9F4D-4A72-A6C7-8ECE41876409}.AppStore|Any CPU.Deploy.0 = Debug|Any CPU
		{B7E4D05A-9F4D-4A72-A6C7-8ECE41876409}.AppStore|ARM.ActiveCfg = Release|Any CPU
		{B7E4D05A-9F4D-4A72-A6C7-8ECE41876409}.AppStore|ARM.Build.0 = Release|Any CPU
		{B7E4D05A-9F4D-4A72-A6C7-8ECE41876409}.AppStore|iPhone.ActiveCfg = Debug|Any CPU
		{B7E4D05A-9F4D-4A72-A6C7-8ECE41876409}.AppStore|iPhone.Build.0 = Debug|Any CPU
		{B7E4D05A-9F4D-4A72-A6C7-8ECE41876409}.AppStore|iPhone.Deploy.0 = Debug|Any CPU
		{B7E4D05A-9F4D-4A72-A6C7-8ECE41876409}.AppStore|iPhoneSimulator.ActiveCfg = Debug|Any CPU
		{B7E4D05A-9F4D-4A72-A6C7-8ECE41876409}.AppStore|iPhoneSimulator.Build.0 = Debug|Any CPU
		{B7E4D05A-9F4D-4A72-A6C7-8ECE41876409}.AppStore|iPhoneSimulator.Deploy.0 = Debug|Any CPU
		{B7E4D05A-9F4D-4A72-A6C7-8ECE41876409}.AppStore|x64.ActiveCfg = Release|Any CPU
		{B7E4D05A-9F4D-4A72-A6C7-8ECE41876409}.AppStore|x64.Build.0 = Release|Any CPU
		{B7E4D05A-9F4D-4A72-A6C7-8ECE41876409}.AppStore|x86.ActiveCfg = Release|Any CPU
		{B7E4D05A-9F4D-4A72-A6C7-8ECE41876409}.AppStore|x86.Build.0 = Release|Any CPU
		{B7E4D05A-9F4D-4A72-A6C7-8ECE41876409}.Debug|Any CPU.ActiveCfg = Debug|Any CPU
		{B7E4D05A-9F4D-4A72-A6C7-8ECE41876409}.Debug|Any CPU.Build.0 = Debug|Any CPU
		{B7E4D05A-9F4D-4A72-A6C7-8ECE41876409}.Debug|Any CPU.Deploy.0 = Debug|Any CPU
		{B7E4D05A-9F4D-4A72-A6C7-8ECE41876409}.Debug|ARM.ActiveCfg = Debug|Any CPU
		{B7E4D05A-9F4D-4A72-A6C7-8ECE41876409}.Debug|ARM.Build.0 = Debug|Any CPU
		{B7E4D05A-9F4D-4A72-A6C7-8ECE41876409}.Debug|iPhone.ActiveCfg = Debug|Any CPU
		{B7E4D05A-9F4D-4A72-A6C7-8ECE41876409}.Debug|iPhone.Build.0 = Debug|Any CPU
		{B7E4D05A-9F4D-4A72-A6C7-8ECE41876409}.Debug|iPhone.Deploy.0 = Debug|Any CPU
		{B7E4D05A-9F4D-4A72-A6C7-8ECE41876409}.Debug|iPhoneSimulator.ActiveCfg = Debug|Any CPU
		{B7E4D05A-9F4D-4A72-A6C7-8ECE41876409}.Debug|iPhoneSimulator.Build.0 = Debug|Any CPU
		{B7E4D05A-9F4D-4A72-A6C7-8ECE41876409}.Debug|iPhoneSimulator.Deploy.0 = Debug|Any CPU
		{B7E4D05A-9F4D-4A72-A6C7-8ECE41876409}.Debug|x64.ActiveCfg = Debug|Any CPU
		{B7E4D05A-9F4D-4A72-A6C7-8ECE41876409}.Debug|x64.Build.0 = Debug|Any CPU
		{B7E4D05A-9F4D-4A72-A6C7-8ECE41876409}.Debug|x86.ActiveCfg = Debug|Any CPU
		{B7E4D05A-9F4D-4A72-A6C7-8ECE41876409}.Debug|x86.Build.0 = Debug|Any CPU
		{B7E4D05A-9F4D-4A72-A6C7-8ECE41876409}.Release|Any CPU.ActiveCfg = Release|Any CPU
		{B7E4D05A-9F4D-4A72-A6C7-8ECE41876409}.Release|Any CPU.Build.0 = Release|Any CPU
		{B7E4D05A-9F4D-4A72-A6C7-8ECE41876409}.Release|Any CPU.Deploy.0 = Release|Any CPU
		{B7E4D05A-9F4D-4A72-A6C7-8ECE41876409}.Release|ARM.ActiveCfg = Release|Any CPU
		{B7E4D05A-9F4D-4A72-A6C7-8ECE41876409}.Release|ARM.Build.0 = Release|Any CPU
		{B7E4D05A-9F4D-4A72-A6C7-8ECE41876409}.Release|iPhone.ActiveCfg = Release|Any CPU
		{B7E4D05A-9F4D-4A72-A6C7-8ECE41876409}.Release|iPhone.Build.0 = Release|Any CPU
		{B7E4D05A-9F4D-4A72-A6C7-8ECE41876409}.Release|iPhone.Deploy.0 = Release|Any CPU
		{B7E4D05A-9F4D-4A72-A6C7-8ECE41876409}.Release|iPhoneSimulator.ActiveCfg = Release|Any CPU
		{B7E4D05A-9F4D-4A72-A6C7-8ECE41876409}.Release|iPhoneSimulator.Build.0 = Release|Any CPU
		{B7E4D05A-9F4D-4A72-A6C7-8ECE41876409}.Release|iPhoneSimulator.Deploy.0 = Release|Any CPU
		{B7E4D05A-9F4D-4A72-A6C7-8ECE41876409}.Release|x64.ActiveCfg = Release|Any CPU
		{B7E4D05A-9F4D-4A72-A6C7-8ECE41876409}.Release|x64.Build.0 = Release|Any CPU
		{B7E4D05A-9F4D-4A72-A6C7-8ECE41876409}.Release|x86.ActiveCfg = Release|Any CPU
		{B7E4D05A-9F4D-4A72-A6C7-8ECE41876409}.Release|x86.Build.0 = Release|Any CPU
		{636C3350-669C-44F0-9FA6-B6C3D1C8D0BD}.Ad-Hoc|Any CPU.ActiveCfg = Release|x64
		{636C3350-669C-44F0-9FA6-B6C3D1C8D0BD}.Ad-Hoc|Any CPU.Build.0 = Release|x64
		{636C3350-669C-44F0-9FA6-B6C3D1C8D0BD}.Ad-Hoc|Any CPU.Deploy.0 = Release|x64
		{636C3350-669C-44F0-9FA6-B6C3D1C8D0BD}.Ad-Hoc|ARM.ActiveCfg = Release|ARM
		{636C3350-669C-44F0-9FA6-B6C3D1C8D0BD}.Ad-Hoc|ARM.Build.0 = Release|ARM
		{636C3350-669C-44F0-9FA6-B6C3D1C8D0BD}.Ad-Hoc|ARM.Deploy.0 = Release|ARM
		{636C3350-669C-44F0-9FA6-B6C3D1C8D0BD}.Ad-Hoc|iPhone.ActiveCfg = Release|x64
		{636C3350-669C-44F0-9FA6-B6C3D1C8D0BD}.Ad-Hoc|iPhone.Build.0 = Release|x64
		{636C3350-669C-44F0-9FA6-B6C3D1C8D0BD}.Ad-Hoc|iPhone.Deploy.0 = Release|x64
		{636C3350-669C-44F0-9FA6-B6C3D1C8D0BD}.Ad-Hoc|iPhoneSimulator.ActiveCfg = Release|x64
		{636C3350-669C-44F0-9FA6-B6C3D1C8D0BD}.Ad-Hoc|iPhoneSimulator.Build.0 = Release|x64
		{636C3350-669C-44F0-9FA6-B6C3D1C8D0BD}.Ad-Hoc|iPhoneSimulator.Deploy.0 = Release|x64
		{636C3350-669C-44F0-9FA6-B6C3D1C8D0BD}.Ad-Hoc|x64.ActiveCfg = Release|x64
		{636C3350-669C-44F0-9FA6-B6C3D1C8D0BD}.Ad-Hoc|x64.Build.0 = Release|x64
		{636C3350-669C-44F0-9FA6-B6C3D1C8D0BD}.Ad-Hoc|x64.Deploy.0 = Release|x64
		{636C3350-669C-44F0-9FA6-B6C3D1C8D0BD}.Ad-Hoc|x86.ActiveCfg = Release|x86
		{636C3350-669C-44F0-9FA6-B6C3D1C8D0BD}.Ad-Hoc|x86.Build.0 = Release|x86
		{636C3350-669C-44F0-9FA6-B6C3D1C8D0BD}.Ad-Hoc|x86.Deploy.0 = Release|x86
		{636C3350-669C-44F0-9FA6-B6C3D1C8D0BD}.AppStore|Any CPU.ActiveCfg = Release|x64
		{636C3350-669C-44F0-9FA6-B6C3D1C8D0BD}.AppStore|Any CPU.Build.0 = Release|x64
		{636C3350-669C-44F0-9FA6-B6C3D1C8D0BD}.AppStore|Any CPU.Deploy.0 = Release|x64
		{636C3350-669C-44F0-9FA6-B6C3D1C8D0BD}.AppStore|ARM.ActiveCfg = Release|ARM
		{636C3350-669C-44F0-9FA6-B6C3D1C8D0BD}.AppStore|ARM.Build.0 = Release|ARM
		{636C3350-669C-44F0-9FA6-B6C3D1C8D0BD}.AppStore|ARM.Deploy.0 = Release|ARM
		{636C3350-669C-44F0-9FA6-B6C3D1C8D0BD}.AppStore|iPhone.ActiveCfg = Release|x64
		{636C3350-669C-44F0-9FA6-B6C3D1C8D0BD}.AppStore|iPhone.Build.0 = Release|x64
		{636C3350-669C-44F0-9FA6-B6C3D1C8D0BD}.AppStore|iPhone.Deploy.0 = Release|x64
		{636C3350-669C-44F0-9FA6-B6C3D1C8D0BD}.AppStore|iPhoneSimulator.ActiveCfg = Release|x64
		{636C3350-669C-44F0-9FA6-B6C3D1C8D0BD}.AppStore|iPhoneSimulator.Build.0 = Release|x64
		{636C3350-669C-44F0-9FA6-B6C3D1C8D0BD}.AppStore|iPhoneSimulator.Deploy.0 = Release|x64
		{636C3350-669C-44F0-9FA6-B6C3D1C8D0BD}.AppStore|x64.ActiveCfg = Release|x64
		{636C3350-669C-44F0-9FA6-B6C3D1C8D0BD}.AppStore|x64.Build.0 = Release|x64
		{636C3350-669C-44F0-9FA6-B6C3D1C8D0BD}.AppStore|x64.Deploy.0 = Release|x64
		{636C3350-669C-44F0-9FA6-B6C3D1C8D0BD}.AppStore|x86.ActiveCfg = Release|x86
		{636C3350-669C-44F0-9FA6-B6C3D1C8D0BD}.AppStore|x86.Build.0 = Release|x86
		{636C3350-669C-44F0-9FA6-B6C3D1C8D0BD}.AppStore|x86.Deploy.0 = Release|x86
		{636C3350-669C-44F0-9FA6-B6C3D1C8D0BD}.Debug|Any CPU.ActiveCfg = Debug|x86
		{636C3350-669C-44F0-9FA6-B6C3D1C8D0BD}.Debug|ARM.ActiveCfg = Debug|ARM
		{636C3350-669C-44F0-9FA6-B6C3D1C8D0BD}.Debug|ARM.Build.0 = Debug|ARM
		{636C3350-669C-44F0-9FA6-B6C3D1C8D0BD}.Debug|ARM.Deploy.0 = Debug|ARM
		{636C3350-669C-44F0-9FA6-B6C3D1C8D0BD}.Debug|iPhone.ActiveCfg = Debug|x86
		{636C3350-669C-44F0-9FA6-B6C3D1C8D0BD}.Debug|iPhoneSimulator.ActiveCfg = Debug|x86
		{636C3350-669C-44F0-9FA6-B6C3D1C8D0BD}.Debug|x64.ActiveCfg = Debug|x64
		{636C3350-669C-44F0-9FA6-B6C3D1C8D0BD}.Debug|x64.Build.0 = Debug|x64
		{636C3350-669C-44F0-9FA6-B6C3D1C8D0BD}.Debug|x64.Deploy.0 = Debug|x64
		{636C3350-669C-44F0-9FA6-B6C3D1C8D0BD}.Debug|x86.ActiveCfg = Debug|x86
		{636C3350-669C-44F0-9FA6-B6C3D1C8D0BD}.Debug|x86.Build.0 = Debug|x86
		{636C3350-669C-44F0-9FA6-B6C3D1C8D0BD}.Debug|x86.Deploy.0 = Debug|x86
		{636C3350-669C-44F0-9FA6-B6C3D1C8D0BD}.Release|Any CPU.ActiveCfg = Release|x86
		{636C3350-669C-44F0-9FA6-B6C3D1C8D0BD}.Release|ARM.ActiveCfg = Release|ARM
		{636C3350-669C-44F0-9FA6-B6C3D1C8D0BD}.Release|ARM.Build.0 = Release|ARM
		{636C3350-669C-44F0-9FA6-B6C3D1C8D0BD}.Release|ARM.Deploy.0 = Release|ARM
		{636C3350-669C-44F0-9FA6-B6C3D1C8D0BD}.Release|iPhone.ActiveCfg = Release|x86
		{636C3350-669C-44F0-9FA6-B6C3D1C8D0BD}.Release|iPhoneSimulator.ActiveCfg = Release|x86
		{636C3350-669C-44F0-9FA6-B6C3D1C8D0BD}.Release|x64.ActiveCfg = Release|x64
		{636C3350-669C-44F0-9FA6-B6C3D1C8D0BD}.Release|x64.Build.0 = Release|x64
		{636C3350-669C-44F0-9FA6-B6C3D1C8D0BD}.Release|x64.Deploy.0 = Release|x64
		{636C3350-669C-44F0-9FA6-B6C3D1C8D0BD}.Release|x86.ActiveCfg = Release|x86
		{636C3350-669C-44F0-9FA6-B6C3D1C8D0BD}.Release|x86.Build.0 = Release|x86
		{636C3350-669C-44F0-9FA6-B6C3D1C8D0BD}.Release|x86.Deploy.0 = Release|x86
	EndGlobalSection
	GlobalSection(SolutionProperties) = preSolution
		HideSolutionNode = FALSE
	EndGlobalSection
	GlobalSection(ExtensibilityGlobals) = postSolution
		SolutionGuid = {76A09331-E4C9-4C81-BCFE-DAB5C56EC00D}
	EndGlobalSection
EndGlobal
